Microsoft Visual Studio Solution File, Format Version 12.00
# Visual Studio 2012
Project("{FAE04EC0-301F-11D3-BF4B-00C04F79EFBC}") = "Ballot Blitz Jam", "Ballot Blitz Jam.csproj", "{646B1713-2156-4B9E-B930-C6204BAB1914}"
EndProject
Global
	GlobalSection(SolutionConfigurationPlatforms) = preSolution
	Debug|Any CPU = Debug|Any CPU
	ExportDebug|Any CPU = ExportDebug|Any CPU
	ExportRelease|Any CPU = ExportRelease|Any CPU
	EndGlobalSection
	GlobalSection(ProjectConfigurationPlatforms) = postSolution
		{646B1713-2156-4B9E-B930-C6204BAB1914}.Debug|Any CPU.ActiveCfg = Debug|Any CPU
		{646B1713-2156-4B9E-B930-C6204BAB1914}.Debug|Any CPU.Build.0 = Debug|Any CPU
		{646B1713-2156-4B9E-B930-C6204BAB1914}.ExportDebug|Any CPU.ActiveCfg = ExportDebug|Any CPU
		{646B1713-2156-4B9E-B930-C6204BAB1914}.ExportDebug|Any CPU.Build.0 = ExportDebug|Any CPU
		{646B1713-2156-4B9E-B930-C6204BAB1914}.ExportRelease|Any CPU.ActiveCfg = ExportRelease|Any CPU
		{646B1713-2156-4B9E-B930-C6204BAB1914}.ExportRelease|Any CPU.Build.0 = ExportRelease|Any CPU
	EndGlobalSection
EndGlobal
